[[package]]
category = "dev"
description = "Python graph (network) package"
name = "altgraph"
optional = false
python-versions = "*"
version = "0.17"

[[package]]
category = "dev"
description = "A tool that automatically formats Python code to conform to the PEP 8 style guide"
name = "autopep8"
optional = false
python-versions = "*"
version = "1.5.2"

[package.dependencies]
pycodestyle = ">=2.5.0"

[[package]]
category = "dev"
description = "Python 2.7 backport of the \"dis\" module from Python 3.5+"
name = "dis3"
optional = false
python-versions = "*"
version = "0.1.3"

[[package]]
category = "main"
description = "ECDSA cryptographic signature library (pure python)"
name = "ecdsa"
optional = false
python-versions = "*"
version = "0.13.3"

[[package]]
category = "dev"
description = "the modular source code checker: pep8 pyflakes and co"
name = "flake8"
optional = false
python-versions = "!=3.0.*,!=3.1.*,!=3.2.*,!=3.3.*,>=2.7"
version = "3.8.1"

[package.dependencies]
mccabe = ">=0.6.0,<0.7.0"
pycodestyle = ">=2.6.0a1,<2.7.0"
pyflakes = ">=2.2.0,<2.3.0"

[package.dependencies.importlib-metadata]
python = "<3.8"
version = "*"

[[package]]
category = "dev"
description = "Clean single-source support for Python 3 and 2"
marker = "sys_platform == \"win32\""
name = "future"
optional = false
python-versions = ">=2.6, !=3.0.*, !=3.1.*, !=3.2.*"
version = "0.18.2"

[[package]]
category = "main"
description = "A Cython interface to the hidapi from https://github.com/signal11/hidapi"
name = "hidapi"
optional = false
python-versions = "*"
version = "0.7.99.post21"

[package.dependencies]
setuptools = ">=19.0"

[[package]]
category = "dev"
description = "Read metadata from Python packages"
marker = "python_version < \"3.8\""
name = "importlib-metadata"
optional = false
python-versions = "!=3.0.*,!=3.1.*,!=3.2.*,!=3.3.*,!=3.4.*,>=2.7"
version = "1.6.0"

[package.dependencies]
zipp = ">=0.5"

[package.extras]
docs = ["sphinx", "rst.linker"]
testing = ["packaging", "importlib-resources"]

[[package]]
category = "main"
description = "Pure-python wrapper for libusb-1.0"
name = "libusb1"
optional = false
python-versions = "*"
version = "1.8"

[[package]]
category = "dev"
description = "Mach-O header analysis and editing"
marker = "sys_platform == \"darwin\""
name = "macholib"
optional = false
python-versions = "*"
version = "1.14"

[package.dependencies]
altgraph = ">=0.15"

[[package]]
category = "dev"
description = "McCabe checker, plugin for flake8"
name = "mccabe"
optional = false
python-versions = "*"
version = "0.6.1"

[[package]]
category = "main"
description = "Implementation of Bitcoin BIP-0039"
name = "mnemonic"
optional = false
python-versions = "*"
version = "0.18"

[package.dependencies]
pbkdf2 = "*"

[[package]]
category = "main"
description = "PKCS#5 v2.0 PBKDF2 Module"
name = "pbkdf2"
optional = false
python-versions = "*"
version = "1.3"

[[package]]
category = "dev"
description = "Python PE parsing module"
marker = "sys_platform == \"win32\""
name = "pefile"
optional = false
python-versions = "*"
version = "2019.4.18"

[package.dependencies]
future = "*"

[[package]]
category = "main"
description = "Pure-Python Implementation of the AES block-cipher and common modes of operation"
name = "pyaes"
optional = false
python-versions = "*"
version = "1.6.1"

[[package]]
category = "dev"
description = "Python style guide checker"
name = "pycodestyle"
optional = false
python-versions = ">=2.7, !=3.0.*, !=3.1.*, !=3.2.*, !=3.3.*"
version = "2.6.0"

[[package]]
category = "dev"
description = "passive checker of Python programs"
name = "pyflakes"
optional = false
python-versions = ">=2.7, !=3.0.*, !=3.1.*, !=3.2.*, !=3.3.*"
version = "2.2.0"

[[package]]
category = "dev"
description = "PyInstaller bundles a Python application and all its dependencies into a single package."
name = "pyinstaller"
optional = false
python-versions = ">=2.7, !=3.0.*, !=3.1.*, !=3.2.*, !=3.3.*, !=3.4.*"
version = "3.6"

[package.dependencies]
altgraph = "*"
dis3 = "*"
setuptools = "*"

[[package]]
category = "main"
description = "Python bindings for the Qt cross-platform application and UI framework"
name = "pyside2"
optional = false
python-versions = ">=2.7, !=3.0.*, !=3.1.*, !=3.2.*, !=3.3.*, !=3.4.*, <3.9"
version = "5.14.2.1"

[package.dependencies]
shiboken2 = "5.14.2.1"

[[package]]
category = "dev"
description = ""
marker = "sys_platform == \"win32\""
name = "pywin32-ctypes"
optional = false
python-versions = "*"
version = "0.2.0"

[[package]]
category = "main"
description = "Python / C++ bindings helper module"
name = "shiboken2"
optional = false
python-versions = ">=2.7, !=3.0.*, !=3.1.*, !=3.2.*, !=3.3.*, !=3.4.*, <3.9"
version = "5.14.2.1"

[[package]]
category = "main"
description = "Backported and Experimental Type Hints for Python 3.5+"
name = "typing-extensions"
optional = false
python-versions = "*"
version = "3.7.4.2"

[[package]]
category = "dev"
description = "Backport of pathlib-compatible object wrapper for zip files"
marker = "python_version < \"3.8\""
name = "zipp"
optional = false
python-versions = ">=3.6"
version = "3.1.0"

[package.extras]
docs = ["sphinx", "jaraco.packaging (>=3.2)", "rst.linker (>=1.9)"]
testing = ["jaraco.itertools", "func-timeout"]

[metadata]
content-hash = "e076be1de3ff88d71f7ed62865dc7f4ecc424ef5d409cc1b7db578021961164a"
python-versions = "^3.6,<3.9"

[metadata.files]
altgraph = [
    {file = "altgraph-0.17-py2.py3-none-any.whl", hash = "sha256:c623e5f3408ca61d4016f23a681b9adb100802ca3e3da5e718915a9e4052cebe"},
    {file = "altgraph-0.17.tar.gz", hash = "sha256:1f05a47122542f97028caf78775a095fbe6a2699b5089de8477eb583167d69aa"},
]
autopep8 = [
    {file = "autopep8-1.5.2.tar.gz", hash = "sha256:152fd8fe47d02082be86e05001ec23d6f420086db56b17fc883f3f965fb34954"},
]
dis3 = [
    {file = "dis3-0.1.3-py2-none-any.whl", hash = "sha256:61f7720dd0d8749d23fda3d7227ce74d73da11c2fade993a67ab2f9852451b14"},
    {file = "dis3-0.1.3-py3-none-any.whl", hash = "sha256:30b6412d33d738663e8ded781b138f4b01116437f0872aa56aa3adba6aeff218"},
    {file = "dis3-0.1.3.tar.gz", hash = "sha256:9259b881fc1df02ed12ac25f82d4a85b44241854330b1a651e40e0c675cb2d1e"},
]
ecdsa = [
    {file = "ecdsa-0.13.3-py2.py3-none-any.whl", hash = "sha256:9814e700890991abeceeb2242586024d4758c8fc18445b194a49bd62d85861db"},
    {file = "ecdsa-0.13.3.tar.gz", hash = "sha256:163c80b064a763ea733870feb96f9dd9b92216cfcacd374837af18e4e8ec3d4d"},
]
flake8 = [
    {file = "flake8-3.8.1-py2.py3-none-any.whl", hash = "sha256:6c1193b0c3f853ef763969238f6c81e9e63ace9d024518edc020d5f1d6d93195"},
    {file = "flake8-3.8.1.tar.gz", hash = "sha256:ea6623797bf9a52f4c9577d780da0bb17d65f870213f7b5bcc9fca82540c31d5"},
]
future = [
    {file = "future-0.18.2.tar.gz", hash = "sha256:b1bead90b70cf6ec3f0710ae53a525360fa360d306a86583adc6bf83a4db537d"},
]
hidapi = [
    {file = "hidapi-0.7.99.post21-cp27-cp27m-win32.whl", hash = "sha256:bf03f06f586ce7d8aeb697a94b7dba12dc9271aae92d7a8d4486360ff711a660"},
    {file = "hidapi-0.7.99.post21-cp27-cp27m-win_amd64.whl", hash = "sha256:1ac170f4d601c340f2cd52fd06e85c5e77bad7ceac811a7bb54b529f7dc28c24"},
    {file = "hidapi-0.7.99.post21-cp34-cp34m-win32.whl", hash = "sha256:d4ad1e46aef98783a9e6274d523b8b1e766acfc3d72828cd44a337564d984cfa"},
    {file = "hidapi-0.7.99.post21-cp34-cp34m-win_amd64.whl", hash = "sha256:c76de162937326fcd57aa399f94939ce726242323e65c15c67e183da1f6c26f7"},
    {file = "hidapi-0.7.99.post21-cp35-cp35m-win32.whl", hash = "sha256:d4b5787a04613503357606bb10e59c3e2c1114fa00ee328b838dd257f41cbd7b"},
    {file = "hidapi-0.7.99.post21-cp35-cp35m-win_amd64.whl", hash = "sha256:b4b1f6aff0192e9be153fe07c1b7576cb7a1ff52e78e3f76d867be95301a8e87"},
    {file = "hidapi-0.7.99.post21-cp36-cp36m-win32.whl", hash = "sha256:edfb16b16a298717cf05b8c8a9ad1828b6ff3de5e93048ceccd74e6ae4ff0922"},
    {file = "hidapi-0.7.99.post21-cp36-cp36m-win_amd64.whl", hash = "sha256:8d3be666f464347022e2b47caf9132287885d9eacc7895314fc8fefcb4e42946"},
    {file = "hidapi-0.7.99.post21-cp37-cp37m-win32.whl", hash = "sha256:92878bad7324dee619b7832fbfc60b5360d378aa7c5addbfef0a410d8fd342c7"},
    {file = "hidapi-0.7.99.post21-cp37-cp37m-win_amd64.whl", hash = "sha256:6424ad75da0021ce8c1bcd78056a04adada303eff3c561f8d132b85d0a914cb3"},
    {file = "hidapi-0.7.99.post21.tar.gz", hash = "sha256:e0be1aa6566979266a8fc845ab0e18613f4918cf2c977fe67050f5dc7e2a9a97"},
]
importlib-metadata = [
    {file = "importlib_metadata-1.6.0-py2.py3-none-any.whl", hash = "sha256:2a688cbaa90e0cc587f1df48bdc97a6eadccdcd9c35fb3f976a09e3b5016d90f"},
    {file = "importlib_metadata-1.6.0.tar.gz", hash = "sha256:34513a8a0c4962bc66d35b359558fd8a5e10cd472d37aec5f66858addef32c1e"},
]
libusb1 = [
    {file = "libusb1-1.8.tar.gz", hash = "sha256:240f65ac70ba3fab77749ec84a412e4e89624804cb80d6c9d394eef5af8878d6"},
]
macholib = [
    {file = "macholib-1.14-py2.py3-none-any.whl", hash = "sha256:c500f02867515e6c60a27875b408920d18332ddf96b4035ef03beddd782d4281"},
    {file = "macholib-1.14.tar.gz", hash = "sha256:0c436bc847e7b1d9bda0560351bf76d7caf930fb585a828d13608839ef42c432"},
]
mccabe = [
    {file = "mccabe-0.6.1-py2.py3-none-any.whl", hash = "sha256:ab8a6258860da4b6677da4bd2fe5dc2c659cff31b3ee4f7f5d64e79735b80d42"},
    {file = "mccabe-0.6.1.tar.gz", hash = "sha256:dd8d182285a0fe56bace7f45b5e7d1a6ebcbf524e8f3bd87eb0f125271b8831f"},
]
mnemonic = [
    {file = "mnemonic-0.18.tar.gz", hash = "sha256:02a7306a792370f4a0c106c2cf1ce5a0c84b9dbd7e71c6792fdb9ad88a727f1d"},
]
pbkdf2 = [
    {file = "pbkdf2-1.3.tar.gz", hash = "sha256:ac6397369f128212c43064a2b4878038dab78dab41875364554aaf2a684e6979"},
]
pefile = [
    {file = "pefile-2019.4.18.tar.gz", hash = "sha256:a5d6e8305c6b210849b47a6174ddf9c452b2888340b8177874b862ba6c207645"},
]
pyaes = [
    {file = "pyaes-1.6.1.tar.gz", hash = "sha256:02c1b1405c38d3c370b085fb952dd8bea3fadcee6411ad99f312cc129c536d8f"},
]
pycodestyle = [
    {file = "pycodestyle-2.6.0-py2.py3-none-any.whl", hash = "sha256:2295e7b2f6b5bd100585ebcb1f616591b652db8a741695b3d8f5d28bdc934367"},
    {file = "pycodestyle-2.6.0.tar.gz", hash = "sha256:c58a7d2815e0e8d7972bf1803331fb0152f867bd89adf8a01dfd55085434192e"},
]
pyflakes = [
    {file = "pyflakes-2.2.0-py2.py3-none-any.whl", hash = "sha256:0d94e0e05a19e57a99444b6ddcf9a6eb2e5c68d3ca1e98e90707af8152c90a92"},
    {file = "pyflakes-2.2.0.tar.gz", hash = "sha256:35b2d75ee967ea93b55750aa9edbbf72813e06a66ba54438df2cfac9e3c27fc8"},
]
pyinstaller = [
    {file = "PyInstaller-3.6.tar.gz", hash = "sha256:3730fa80d088f8bb7084d32480eb87cbb4ddb64123363763cf8f2a1378c1c4b7"},
]
pyside2 = [
    {file = "PySide2-5.14.2.1-5.14.2-cp27-cp27m-macosx_10_13_intel.whl", hash = "sha256:71d0416e69f0ac4d5d0f9892c819b2896a4e821bc83b29932769060119f3292c"},
    {file = "PySide2-5.14.2.1-5.14.2-cp27-cp27mu-manylinux1_x86_64.whl", hash = "sha256:7d5054009ced176cf78d71d2787bdcd676bc990004bec0e7079f7bdfe7edffe5"},
    {file = "PySide2-5.14.2.1-5.14.2-cp35.cp36.cp37.cp38-abi3-macosx_10_13_intel.whl", hash = "sha256:a6390619b9c8713ba190dd3fa116a2d9f63597cb0f902fbf31b2657023936a3a"},
    {file = "PySide2-5.14.2.1-5.14.2-cp35.cp36.cp37.cp38-abi3-manylinux1_x86_64.whl", hash = "sha256:174e1863ae3526bae8ae946b24cccb472dffd7e643bc47ae4d2de39cac583a9c"},
    {file = "PySide2-5.14.2.1-5.14.2-cp35.cp36.cp37.cp38-none-win32.whl", hash = "sha256:e21058fcd8d2cb9871fc61f9d35ed15f0e0c4718c5d463a2e37be1d67b8c40b4"},
    {file = "PySide2-5.14.2.1-5.14.2-cp35.cp36.cp37.cp38-none-win_amd64.whl", hash = "sha256:93c19beef80ef54392e6cd0de937be4e1603560229eb38738c8b50bbb8da90f7"},
]
pywin32-ctypes = [
    {file = "pywin32-ctypes-0.2.0.tar.gz", hash = "sha256:24ffc3b341d457d48e8922352130cf2644024a4ff09762a2261fd34c36ee5942"},
    {file = "pywin32_ctypes-0.2.0-py2.py3-none-any.whl", hash = "sha256:9dc2d991b3479cc2df15930958b674a48a227d5361d413827a4cfd0b5876fc98"},
]
shiboken2 = [
    {file = "shiboken2-5.14.2.1-5.14.2-cp27-cp27m-macosx_10_13_intel.whl", hash = "sha256:d285d476a76f254bff69cc58c1d4385df295b42de1a818d4a8d11694c2d728fc"},
    {file = "shiboken2-5.14.2.1-5.14.2-cp27-cp27mu-manylinux1_x86_64.whl", hash = "sha256:73d03e74f542204e351539e42ab3e3727a69408e1497af4c6e84fb66c3e706d8"},
    {file = "shiboken2-5.14.2.1-5.14.2-cp35.cp36.cp37.cp38-abi3-macosx_10_13_intel.whl", hash = "sha256:16b59490228bf923ea7c8ed6edcb4f7349ce5a5fc30369190c41487baf6d4aaa"},
    {file = "shiboken2-5.14.2.1-5.14.2-cp35.cp36.cp37.cp38-abi3-manylinux1_x86_64.whl", hash = "sha256:cd6ba0ba0d070c8ec090ad3eb10440989f7e5a4404c6b087f8f695a75a01e1dc"},
    {file = "shiboken2-5.14.2.1-5.14.2-cp35.cp36.cp37.cp38-none-win32.whl", hash = "sha256:fe4d0cf6737f1d01944be4cf3b401d74015c515ab84622bf04f47d64ffcd39f9"},
    {file = "shiboken2-5.14.2.1-5.14.2-cp35.cp36.cp37.cp38-none-win_amd64.whl", hash = "sha256:c022203b7cf01df6ad0bb190d286c2965958243a16e47bee8c5e6bbb9d0cd475"},
]
typing-extensions = [
    {file = "typing_extensions-3.7.4.2-py2-none-any.whl", hash = "sha256:f8d2bd89d25bc39dabe7d23df520442fa1d8969b82544370e03d88b5a591c392"},
    {file = "typing_extensions-3.7.4.2-py3-none-any.whl", hash = "sha256:6e95524d8a547a91e08f404ae485bbb71962de46967e1b71a0cb89af24e761c5"},
    {file = "typing_extensions-3.7.4.2.tar.gz", hash = "sha256:79ee589a3caca649a9bfd2a8de4709837400dfa00b6cc81962a1e6a1815969ae"},
]
zipp = [
    {file = "zipp-3.1.0-py3-none-any.whl", hash = "sha256:aa36550ff0c0b7ef7fa639055d797116ee891440eac1a56f378e2d3179e0320b"},
    {file = "zipp-3.1.0.tar.gz", hash = "sha256:c599e4d75c98f6798c509911d08a22e6c021d074469042177c8c86fb92eefd96"},
]
